
Microsoft Visual Studio Solution File, Format Version 12.00
# Visual Studio Version 17
VisualStudioVersion = 17.8.34525.116
MinimumVisualStudioVersion = 10.0.40219.1
Project("{FAE04EC0-301F-11D3-BF4B-00C04F79EFBC}") = "LR7", "LR7\LR7.csproj", "{1D617E26-1A1D-408D-AE38-5009B8CFF5A2}"
EndProject
Global
	GlobalSection(SolutionConfigurationPlatforms) = preSolution
		Debug|Any CPU = Debug|Any CPU
		Release|Any CPU = Release|Any CPU
	EndGlobalSection
	GlobalSection(ProjectConfigurationPlatforms) = postSolution
		{1D617E26-1A1D-408D-AE38-5009B8CFF5A2}.Debug|Any CPU.ActiveCfg = Debug|Any CPU
		{1D617E26-1A1D-408D-AE38-5009B8CFF5A2}.Debug|Any CPU.Build.0 = Debug|Any CPU
		{1D617E26-1A1D-408D-AE38-5009B8CFF5A2}.Release|Any CPU.ActiveCfg = Release|Any CPU
		{1D617E26-1A1D-408D-AE38-5009B8CFF5A2}.Release|Any CPU.Build.0 = Release|Any CPU
	EndGlobalSection
	GlobalSection(SolutionProperties) = preSolution
		HideSolutionNode = FALSE
	EndGlobalSection
	GlobalSection(ExtensibilityGlobals) = postSolution
		SolutionGuid = {9A49FA89-5F2C-43F6-96B3-52F81F1541DF}
	EndGlobalSection
EndGlobal
